
Microsoft Visual Studio Solution File, Format Version 12.00
# Visual Studio Version 16
VisualStudioVersion = 16.0.29911.84
MinimumVisualStudioVersion = 10.0.40219.1
Project("{FAE04EC0-301F-11D3-BF4B-00C04F79EFBC}") = "GabListener", "GabListener\GabListener.csproj", "{6AD50722-551A-434A-B86D-35AC76A12922}"
EndProject
Global
	GlobalSection(SolutionConfigurationPlatforms) = preSolution
		Debug|Any CPU = Debug|Any CPU
		Release|Any CPU = Release|Any CPU
	EndGlobalSection
	GlobalSection(ProjectConfigurationPlatforms) = postSolution
		{6AD50722-551A-434A-B86D-35AC76A12922}.Debug|Any CPU.ActiveCfg = Debug|Any CPU
		{6AD50722-551A-434A-B86D-35AC76A12922}.Debug|Any CPU.Build.0 = Debug|Any CPU
		{6AD50722-551A-434A-B86D-35AC76A12922}.Release|Any CPU.ActiveCfg = Release|Any CPU
		{6AD50722-551A-434A-B86D-35AC76A12922}.Release|Any CPU.Build.0 = Release|Any CPU
	EndGlobalSection
	GlobalSection(SolutionProperties) = preSolution
		HideSolutionNode = FALSE
	EndGlobalSection
	GlobalSection(ExtensibilityGlobals) = postSolution
		SolutionGuid = {E7D00BED-9553-4B2D-8312-641285AA5864}
	EndGlobalSection
EndGlobal
